// !$*UTF8*$!
{
	archiveVersion = 1;
	classes = {
	};
	objectVersion = 55;
	objects = {

/* Begin PBXBuildFile section */
		BB7C14D827A30E3B00397D07 /* StatePropertyView.swift in Sources */ = {isa = PBXBuildFile; fileRef = BB7C14D727A30E3B00397D07 /* StatePropertyView.swift */; };
		BB9413AB27A06AA800292192 /* EjemploStackView.swift in Sources */ = {isa = PBXBuildFile; fileRef = BB9413AA27A06AA800292192 /* EjemploStackView.swift */; };
		BBA3EF3A27A1BB2100AD40F9 /* EventHandlingView.swift in Sources */ = {isa = PBXBuildFile; fileRef = BBA3EF3927A1BB2100AD40F9 /* EventHandlingView.swift */; };
		BBD1658C27A461A400F51F2F /* DemoData.swift in Sources */ = {isa = PBXBuildFile; fileRef = BBD1658B27A461A300F51F2F /* DemoData.swift */; };
		BBD1659027A462BF00F51F2F /* DemoDataView.swift in Sources */ = {isa = PBXBuildFile; fileRef = BBD1658F27A462BF00F51F2F /* DemoDataView.swift */; };
		BBD6D015279F186300F4FD4F /* EjemploApp.swift in Sources */ = {isa = PBXBuildFile; fileRef = BBD6D014279F186300F4FD4F /* EjemploApp.swift */; };
		BBD6D017279F186300F4FD4F /* ContentView.swift in Sources */ = {isa = PBXBuildFile; fileRef = BBD6D016279F186300F4FD4F /* ContentView.swift */; };
		BBD6D019279F186500F4FD4F /* Assets.xcassets in Resources */ = {isa = PBXBuildFile; fileRef = BBD6D018279F186500F4FD4F /* Assets.xcassets */; };
		BBD6D01C279F186500F4FD4F /* Preview Assets.xcassets in Resources */ = {isa = PBXBuildFile; fileRef = BBD6D01B279F186500F4FD4F /* Preview Assets.xcassets */; };
/* End PBXBuildFile section */

/* Begin PBXFileReference section */
		BB7C14D727A30E3B00397D07 /* StatePropertyView.swift */ = {isa = PBXFileReference; lastKnownFileType = sourcecode.swift; path = StatePropertyView.swift; sourceTree = "<group>"; };
		BB9413AA27A06AA800292192 /* EjemploStackView.swift */ = {isa = PBXFileReference; lastKnownFileType = sourcecode.swift; path = EjemploStackView.swift; sourceTree = "<group>"; };
		BBA3EF3927A1BB2100AD40F9 /* EventHandlingView.swift */ = {isa = PBXFileReference; lastKnownFileType = sourcecode.swift; path = EventHandlingView.swift; sourceTree = "<group>"; };
		BBD1658B27A461A300F51F2F /* DemoData.swift */ = {isa = PBXFileReference; lastKnownFileType = sourcecode.swift; path = DemoData.swift; sourceTree = "<group>"; };
		BBD1658F27A462BF00F51F2F /* DemoDataView.swift */ = {isa = PBXFileReference; lastKnownFileType = sourcecode.swift; path = DemoDataView.swift; sourceTree = "<group>"; };
		BBD6D011279F186300F4FD4F /* Ejemplo.app */ = {isa = PBXFileReference; explicitFileType = wrapper.application; includeInIndex = 0; path = Ejemplo.app; sourceTree = BUILT_PRODUCTS_DIR; };
		BBD6D014279F186300F4FD4F /* EjemploApp.swift */ = {isa = PBXFileReference; lastKnownFileType = sourcecode.swift; path = EjemploApp.swift; sourceTree = "<group>"; };
		BBD6D016279F186300F4FD4F /* ContentView.swift */ = {isa = PBXFileReference; lastKnownFileType = sourcecode.swift; path = ContentView.swift; sourceTree = "<group>"; };
		BBD6D018279F186500F4FD4F /* Assets.xcassets */ = {isa = PBXFileReference; lastKnownFileType = folder.assetcatalog; path = Assets.xcassets; sourceTree = "<group>"; };
		BBD6D01B279F186500F4FD4F /* Preview Assets.xcassets */ = {isa = PBXFileReference; lastKnownFileType = folder.assetcatalog; path = "Preview Assets.xcassets"; sourceTree = "<group>"; };
/* End PBXFileReference section */

/* Begin PBXFrameworksBuildPhase section */
		BBD6D00E279F186300F4FD4F /* Frameworks */ = {
			isa = PBXFrameworksBuildPhase;
			buildActionMask = 2147483647;
			files = (
			);
			runOnlyForDeploymentPostprocessing = 0;
		};
/* End PBXFrameworksBuildPhase section */

/* Begin PBXGroup section */
		BBD1659127A462D000F51F2F /* EjemploObervableObject */ = {
			isa = PBXGroup;
			children = (
				BBD1658B27A461A300F51F2F /* DemoData.swift */,
				BBD1658F27A462BF00F51F2F /* DemoDataView.swift */,
			);
			path = EjemploObervableObject;
			sourceTree = "<group>";
		};
		BBD6D008279F186300F4FD4F = {
			isa = PBXGroup;
			children = (
				BBD6D013279F186300F4FD4F /* Ejemplo */,
				BBD6D012279F186300F4FD4F /* Products */,
			);
			sourceTree = "<group>";
		};
		BBD6D012279F186300F4FD4F /* Products */ = {
			isa = PBXGroup;
			children = (
				BBD6D011279F186300F4FD4F /* Ejemplo.app */,
			);
			name = Products;
			sourceTree = "<group>";
		};
		BBD6D013279F186300F4FD4F /* Ejemplo */ = {
			isa = PBXGroup;
			children = (
				BBD1659127A462D000F51F2F /* EjemploObervableObject */,
				BBD6D014279F186300F4FD4F /* EjemploApp.swift */,
				BBD6D016279F186300F4FD4F /* ContentView.swift */,
				BBD6D018279F186500F4FD4F /* Assets.xcassets */,
				BBD6D01A279F186500F4FD4F /* Preview Content */,
				BB9413AA27A06AA800292192 /* EjemploStackView.swift */,
				BBA3EF3927A1BB2100AD40F9 /* EventHandlingView.swift */,
				BB7C14D727A30E3B00397D07 /* StatePropertyView.swift */,
			);
			path = Ejemplo;
			sourceTree = "<group>";
		};
		BBD6D01A279F186500F4FD4F /* Preview Content */ = {
			isa = PBXGroup;
			children = (
				BBD6D01B279F186500F4FD4F /* Preview Assets.xcassets */,
			);
			path = "Preview Content";
			sourceTree = "<group>";
		};
/* End PBXGroup section */

/* Begin PBXNativeTarget section */
		BBD6D010279F186300F4FD4F /* Ejemplo */ = {
			isa = PBXNativeTarget;
			buildConfigurationList = BBD6D01F279F186500F4FD4F /* Build configuration list for PBXNativeTarget "Ejemplo" */;
			buildPhases = (
				BBD6D00D279F186300F4FD4F /* Sources */,
				BBD6D00E279F186300F4FD4F /* Frameworks */,
				BBD6D00F279F186300F4FD4F /* Resources */,
			);
			buildRules = (
			);
			dependencies = (
			);
			name = Ejemplo;
			productName = Ejemplo;
			productReference = BBD6D011279F186300F4FD4F /* Ejemplo.app */;
			productType = "com.apple.product-type.application";
		};
/* End PBXNativeTarget section */

/* Begin PBXProject section */
		BBD6D009279F186300F4FD4F /* Project object */ = {
			isa = PBXProject;
			attributes = {
				BuildIndependentTargetsInParallel = 1;
				LastSwiftUpdateCheck = 1320;
				LastUpgradeCheck = 1320;
				TargetAttributes = {
					BBD6D010279F186300F4FD4F = {
						CreatedOnToolsVersion = 13.2.1;
					};
				};
			};
			buildConfigurationList = BBD6D00C279F186300F4FD4F /* Build configuration list for PBXProject "Ejemplo" */;
			compatibilityVersion = "Xcode 13.0";
			developmentRegion = en;
			hasScannedForEncodings = 0;
			knownRegions = (
				en,
				Base,
			);
			mainGroup = BBD6D008279F186300F4FD4F;
			productRefGroup = BBD6D012279F186300F4FD4F /* Products */;
			projectDirPath = "";
			projectRoot = "";
			targets = (
				BBD6D010279F186300F4FD4F /* Ejemplo */,
			);
		};
/* End PBXProject section */

/* Begin PBXResourcesBuildPhase section */
		BBD6D00F279F186300F4FD4F /* Resources */ = {
			isa = PBXResourcesBuildPhase;
			buildActionMask = 2147483647;
			files = (
				BBD6D01C279F186500F4FD4F /* Preview Assets.xcassets in Resources */,
				BBD6D019279F186500F4FD4F /* Assets.xcassets in Resources */,
			);
			runOnlyForDeploymentPostprocessing = 0;
		};
/* End PBXResourcesBuildPhase section */

/* Begin PBXSourcesBuildPhase section */
		BBD6D00D279F186300F4FD4F /* Sources */ = {
			isa = PBXSourcesBuildPhase;
			buildActionMask = 2147483647;
			files = (
				BBD1658C27A461A400F51F2F /* DemoData.swift in Sources */,
				BB7C14D827A30E3B00397D07 /* StatePropertyView.swift in Sources */,
				BBA3EF3A27A1BB2100AD40F9 /* EventHandlingView.swift in Sources */,
				BBD1659027A462BF00F51F2F /* DemoDataView.swift in Sources */,
				BBD6D017279F186300F4FD4F /* ContentView.swift in Sources */,
				BB9413AB27A06AA800292192 /* EjemploStackView.swift in Sources */,
				BBD6D015279F186300F4FD4F /* EjemploApp.swift in Sources */,
			);
			runOnlyForDeploymentPostprocessing = 0;
		};
/* End PBXSourcesBuildPhase section */

/* Begin XCBuildConfiguration section */
		BBD6D01D279F186500F4FD4F /* Debug */ = {
			isa = XCBuildConfiguration;
			buildSettings = {
				ALWAYS_SEARCH_USER_PATHS = NO;
				CLANG_ANALYZER_NONNULL = YES;
				CLANG_ANALYZER_NUMBER_OBJECT_CONVERSION = YES_AGGRESSIVE;
				CLANG_CXX_LANGUAGE_STANDARD = "gnu++17";
				CLANG_CXX_LIBRARY = "libc++";
				CLANG_ENABLE_MODULES = YES;
				CLANG_ENABLE_OBJC_ARC = YES;
				CLANG_ENABLE_OBJC_WEAK = YES;
				CLANG_WARN_BLOCK_CAPTURE_AUTORELEASING = YES;
				CLANG_WARN_BOOL_CONVERSION = YES;
				CLANG_WARN_COMMA = YES;
				CLANG_WARN_CONSTANT_CONVERSION = YES;
				CLANG_WARN_DEPRECATED_OBJC_IMPLEMENTATIONS = YES;
				CLANG_WARN_DIRECT_OBJC_ISA_USAGE = YES_ERROR;
				CLANG_WARN_DOCUMENTATION_COMMENTS = YES;
				CLANG_WARN_EMPTY_BODY = YES;
				CLANG_WARN_ENUM_CONVERSION = YES;
				CLANG_WARN_INFINITE_RECURSION = YES;
				CLANG_WARN_INT_CONVERSION = YES;
				CLANG_WARN_NON_LITERAL_NULL_CONVERSION = YES;
				CLANG_WARN_OBJC_IMPLICIT_RETAIN_SELF = YES;
				CLANG_WARN_OBJC_LITERAL_CONVERSION = YES;
				CLANG_WARN_OBJC_ROOT_CLASS = YES_ERROR;
				CLANG_WARN_QUOTED_INCLUDE_IN_FRAMEWORK_HEADER = YES;
				CLANG_WARN_RANGE_LOOP_ANALYSIS = YES;
				CLANG_WARN_STRICT_PROTOTYPES = YES;
				CLANG_WARN_SUSPICIOUS_MOVE = YES;
				CLANG_WARN_UNGUARDED_AVAILABILITY = YES_AGGRESSIVE;
				CLANG_WARN_UNREACHABLE_CODE = YES;
				CLANG_WARN__DUPLICATE_METHOD_MATCH = YES;
				COPY_PHASE_STRIP = NO;
				DEBUG_INFORMATION_FORMAT = dwarf;
				ENABLE_STRICT_OBJC_MSGSEND = YES;
				ENABLE_TESTABILITY = YES;
				GCC_C_LANGUAGE_STANDARD = gnu11;
				GCC_DYNAMIC_NO_PIC = NO;
				GCC_NO_COMMON_BLOCKS = YES;
				GCC_OPTIMIZATION_LEVEL = 0;
				GCC_PREPROCESSOR_DEFINITIONS = (
					"DEBUG=1",
					"$(inherited)",
				);
				GCC_WARN_64_TO_32_BIT_CONVERSION = YES;
				GCC_WARN_ABOUT_RETURN_TYPE = YES_ERROR;
				GCC_WARN_UNDECLARED_SELECTOR = YES;
				GCC_WARN_UNINITIALIZED_AUTOS = YES_AGGRESSIVE;
				GCC_WARN_UNUSED_FUNCTION = YES;
				GCC_WARN_UNUSED_VARIABLE = YES;
				IPHONEOS_DEPLOYMENT_TARGET = 15.2;
				MTL_ENABLE_DEBUG_INFO = INCLUDE_SOURCE;
				MTL_FAST_MATH = YES;
				ONLY_ACTIVE_ARCH = YES;
				SDKROOT = iphoneos;
				SWIFT_ACTIVE_COMPILATION_CONDITIONS = DEBUG;
				SWIFT_OPTIMIZATION_LEVEL = "-Onone";
			};
			name = Debug;
		};
		BBD6D01E279F186500F4FD4F /* Release */ = {
			isa = XCBuildConfiguration;
			buildSettings = {
				ALWAYS_SEARCH_USER_PATHS = NO;
				CLANG_ANALYZER_NONNULL = YES;
				CLANG_ANALYZER_NUMBER_OBJECT_CONVERSION = YES_AGGRESSIVE;
				CLANG_CXX_LANGUAGE_STANDARD = "gnu++17";
				CLANG_CXX_LIBRARY = "libc++";
				CLANG_ENABLE_MODULES = YES;
				CLANG_ENABLE_OBJC_ARC = YES;
				CLANG_ENABLE_OBJC_WEAK = YES;
				CLANG_WARN_BLOCK_CAPTURE_AUTORELEASING = YES;
				CLANG_WARN_BOOL_CONVERSION = YES;
				CLANG_WARN_COMMA = YES;
				CLANG_WARN_CONSTANT_CONVERSION = YES;
				CLANG_WARN_DEPRECATED_OBJC_IMPLEMENTATIONS = YES;
				CLANG_WARN_DIRECT_OBJC_ISA_USAGE = YES_ERROR;
				CLANG_WARN_DOCUMENTATION_COMMENTS = YES;
				CLANG_WARN_EMPTY_BODY = YES;
				CLANG_WARN_ENUM_CONVERSION = YES;
				CLANG_WARN_INFINITE_RECURSION = YES;
				CLANG_WARN_INT_CONVERSION = YES;
				CLANG_WARN_NON_LITERAL_NULL_CONVERSION = YES;
				CLANG_WARN_OBJC_IMPLICIT_RETAIN_SELF = YES;
				CLANG_WARN_OBJC_LITERAL_CONVERSION = YES;
				CLANG_WARN_OBJC_ROOT_CLASS = YES_ERROR;
				CLANG_WARN_QUOTED_INCLUDE_IN_FRAMEWORK_HEADER = YES;
				CLANG_WARN_RANGE_LOOP_ANALYSIS = YES;
				CLANG_WARN_STRICT_PROTOTYPES = YES;
				CLANG_WARN_SUSPICIOUS_MOVE = YES;
				CLANG_WARN_UNGUARDED_AVAILABILITY = YES_AGGRESSIVE;
				CLANG_WARN_UNREACHABLE_CODE = YES;
				CLANG_WARN__DUPLICATE_METHOD_MATCH = YES;
				COPY_PHASE_STRIP = NO;
				DEBUG_INFORMATION_FORMAT = "dwarf-with-dsym";
				ENABLE_NS_ASSERTIONS = NO;
				ENABLE_STRICT_OBJC_MSGSEND = YES;
				GCC_C_LANGUAGE_STANDARD = gnu11;
				GCC_NO_COMMON_BLOCKS = YES;
				GCC_WARN_64_TO_32_BIT_CONVERSION = YES;
				GCC_WARN_ABOUT_RETURN_TYPE = YES_ERROR;
				GCC_WARN_UNDECLARED_SELECTOR = YES;
				GCC_WARN_UNINITIALIZED_AUTOS = YES_AGGRESSIVE;
				GCC_WARN_UNUSED_FUNCTION = YES;
				GCC_WARN_UNUSED_VARIABLE = YES;
				IPHONEOS_DEPLOYMENT_TARGET = 15.2;
				MTL_ENABLE_DEBUG_INFO = NO;
				MTL_FAST_MATH = YES;
				SDKROOT = iphoneos;
				SWIFT_COMPILATION_MODE = wholemodule;
				SWIFT_OPTIMIZATION_LEVEL = "-O";
				VALIDATE_PRODUCT = YES;
			};
			name = Release;
		};
		BBD6D020279F186500F4FD4F /* Debug */ = {
			isa = XCBuildConfiguration;
			buildSettings = {
				ASSETCATALOG_COMPILER_APPICON_NAME = AppIcon;
				ASSETCATALOG_COMPILER_GLOBAL_ACCENT_COLOR_NAME = AccentColor;
				CODE_SIGN_STYLE = Automatic;
				CURRENT_PROJECT_VERSION = 1;
				DEVELOPMENT_ASSET_PATHS = "\"Ejemplo/Preview Content\"";
				DEVELOPMENT_TEAM = M6K96Y9B53;
				ENABLE_PREVIEWS = YES;
				GENERATE_INFOPLIST_FILE = YES;
				INFOPLIST_KEY_UIApplicationSceneManifest_Generation = YES;
				INFOPLIST_KEY_UIApplicationSupportsIndirectInputEvents = YES;
				INFOPLIST_KEY_UILaunchScreen_Generation = YES;
				INFOPLIST_KEY_UISupportedInterfaceOrientations_iPad = "UIInterfaceOrientationPortrait UIInterfaceOrientationPortraitUpsideDown UIInterfaceOrientationLandscapeLeft UIInterfaceOrientationLandscapeRight";
				INFOPLIST_KEY_UISupportedInterfaceOrientations_iPhone = "UIInterfaceOrientationPortrait UIInterfaceOrientationLandscapeLeft UIInterfaceOrientationLandscapeRight";
				LD_RUNPATH_SEARCH_PATHS = (
					"$(inherited)",
					"@executable_path/Frameworks",
				);
				MARKETING_VERSION = 1.0;
				PRODUCT_BUNDLE_IDENTIFIER = tzuzulcode.Ejemplo;
				PRODUCT_NAME = "$(TARGET_NAME)";
				SWIFT_EMIT_LOC_STRINGS = YES;
				SWIFT_VERSION = 5.0;
				TARGETED_DEVICE_FAMILY = "1,2";
			};
			name = Debug;
		};
		BBD6D021279F186500F4FD4F /* Release */ = {
			isa = XCBuildConfiguration;
			buildSettings = {
				ASSETCATALOG_COMPILER_APPICON_NAME = AppIcon;
				ASSETCATALOG_COMPILER_GLOBAL_ACCENT_COLOR_NAME = AccentColor;
				CODE_SIGN_STYLE = Automatic;
				CURRENT_PROJECT_VERSION = 1;
				DEVELOPMENT_ASSET_PATHS = "\"Ejemplo/Preview Content\"";
				DEVELOPMENT_TEAM = M6K96Y9B53;
				ENABLE_PREVIEWS = YES;
				GENERATE_INFOPLIST_FILE = YES;
				INFOPLIST_KEY_UIApplicationSceneManifest_Generation = YES;
				INFOPLIST_KEY_UIApplicationSupportsIndirectInputEvents = YES;
				INFOPLIST_KEY_UILaunchScreen_Generation = YES;
				INFOPLIST_KEY_UISupportedInterfaceOrientations_iPad = "UIInterfaceOrientationPortrait UIInterfaceOrientationPortraitUpsideDown UIInterfaceOrientationLandscapeLeft UIInterfaceOrientationLandscapeRight";
				INFOPLIST_KEY_UISupportedInterfaceOrientations_iPhone = "UIInterfaceOrientationPortrait UIInterfaceOrientationLandscapeLeft UIInterfaceOrientationLandscapeRight";
				LD_RUNPATH_SEARCH_PATHS = (
					"$(inherited)",
					"@executable_path/Frameworks",
				);
				MARKETING_VERSION = 1.0;
				PRODUCT_BUNDLE_IDENTIFIER = tzuzulcode.Ejemplo;
				PRODUCT_NAME = "$(TARGET_NAME)";
				SWIFT_EMIT_LOC_STRINGS = YES;
				SWIFT_VERSION = 5.0;
				TARGETED_DEVICE_FAMILY = "1,2";
			};
			name = Release;
		};
/* End XCBuildConfiguration section */

/* Begin XCConfigurationList section */
		BBD6D00C279F186300F4FD4F /* Build configuration list for PBXProject "Ejemplo" */ = {
			isa = XCConfigurationList;
			buildConfigurations = (
				BBD6D01D279F186500F4FD4F /* Debug */,
				BBD6D01E279F186500F4FD4F /* Release */,
			);
			defaultConfigurationIsVisible = 0;
			defaultConfigurationName = Release;
		};
		BBD6D01F279F186500F4FD4F /* Build configuration list for PBXNativeTarget "Ejemplo" */ = {
			isa = XCConfigurationList;
			buildConfigurations = (
				BBD6D020279F186500F4FD4F /* Debug */,
				BBD6D021279F186500F4FD4F /* Release */,
			);
			defaultConfigurationIsVisible = 0;
			defaultConfigurationName = Release;
		};
/* End XCConfigurationList section */
	};
	rootObject = BBD6D009279F186300F4FD4F /* Project object */;
}
