// !$*UTF8*$!
{
	archiveVersion = 1;
	classes = {
	};
	objectVersion = 55;
	objects = {

/* Begin PBXBuildFile section */
		BB371C1027B18A3B007B02B6 /* CrossStackAlignmentView.swift in Sources */ = {isa = PBXBuildFile; fileRef = BB371C0F27B18A3B007B02B6 /* CrossStackAlignmentView.swift */; };
		BB371C1227B190D2007B02B6 /* CustomZStackView.swift in Sources */ = {isa = PBXBuildFile; fileRef = BB371C1127B190D1007B02B6 /* CustomZStackView.swift */; };
		BBBA9A2027AD94F100769431 /* StackAlignmentApp.swift in Sources */ = {isa = PBXBuildFile; fileRef = BBBA9A1F27AD94F100769431 /* StackAlignmentApp.swift */; };
		BBBA9A2227AD94F100769431 /* ContentView.swift in Sources */ = {isa = PBXBuildFile; fileRef = BBBA9A2127AD94F100769431 /* ContentView.swift */; };
		BBBA9A2427AD94F100769431 /* Assets.xcassets in Resources */ = {isa = PBXBuildFile; fileRef = BBBA9A2327AD94F100769431 /* Assets.xcassets */; };
		BBBA9A2727AD94F100769431 /* Preview Assets.xcassets in Resources */ = {isa = PBXBuildFile; fileRef = BBBA9A2627AD94F100769431 /* Preview Assets.xcassets */; };
		BBBA9A2E27AD9B6E00769431 /* Alignment.swift in Sources */ = {isa = PBXBuildFile; fileRef = BBBA9A2D27AD9B6E00769431 /* Alignment.swift */; };
		BBBA9A3027AD9EDF00769431 /* AlineacionHStack.swift in Sources */ = {isa = PBXBuildFile; fileRef = BBBA9A2F27AD9EDF00769431 /* AlineacionHStack.swift */; };
/* End PBXBuildFile section */

/* Begin PBXFileReference section */
		BB371C0F27B18A3B007B02B6 /* CrossStackAlignmentView.swift */ = {isa = PBXFileReference; lastKnownFileType = sourcecode.swift; path = CrossStackAlignmentView.swift; sourceTree = "<group>"; };
		BB371C1127B190D1007B02B6 /* CustomZStackView.swift */ = {isa = PBXFileReference; lastKnownFileType = sourcecode.swift; path = CustomZStackView.swift; sourceTree = "<group>"; };
		BBBA9A1C27AD94F000769431 /* StackAlignment.app */ = {isa = PBXFileReference; explicitFileType = wrapper.application; includeInIndex = 0; path = StackAlignment.app; sourceTree = BUILT_PRODUCTS_DIR; };
		BBBA9A1F27AD94F100769431 /* StackAlignmentApp.swift */ = {isa = PBXFileReference; lastKnownFileType = sourcecode.swift; path = StackAlignmentApp.swift; sourceTree = "<group>"; };
		BBBA9A2127AD94F100769431 /* ContentView.swift */ = {isa = PBXFileReference; lastKnownFileType = sourcecode.swift; path = ContentView.swift; sourceTree = "<group>"; };
		BBBA9A2327AD94F100769431 /* Assets.xcassets */ = {isa = PBXFileReference; lastKnownFileType = folder.assetcatalog; path = Assets.xcassets; sourceTree = "<group>"; };
		BBBA9A2627AD94F100769431 /* Preview Assets.xcassets */ = {isa = PBXFileReference; lastKnownFileType = folder.assetcatalog; path = "Preview Assets.xcassets"; sourceTree = "<group>"; };
		BBBA9A2D27AD9B6E00769431 /* Alignment.swift */ = {isa = PBXFileReference; lastKnownFileType = sourcecode.swift; path = Alignment.swift; sourceTree = "<group>"; };
		BBBA9A2F27AD9EDF00769431 /* AlineacionHStack.swift */ = {isa = PBXFileReference; lastKnownFileType = sourcecode.swift; path = AlineacionHStack.swift; sourceTree = "<group>"; };
/* End PBXFileReference section */

/* Begin PBXFrameworksBuildPhase section */
		BBBA9A1927AD94F000769431 /* Frameworks */ = {
			isa = PBXFrameworksBuildPhase;
			buildActionMask = 2147483647;
			files = (
			);
			runOnlyForDeploymentPostprocessing = 0;
		};
/* End PBXFrameworksBuildPhase section */

/* Begin PBXGroup section */
		BBBA9A1327AD94F000769431 = {
			isa = PBXGroup;
			children = (
				BBBA9A1E27AD94F000769431 /* StackAlignment */,
				BBBA9A1D27AD94F000769431 /* Products */,
			);
			sourceTree = "<group>";
		};
		BBBA9A1D27AD94F000769431 /* Products */ = {
			isa = PBXGroup;
			children = (
				BBBA9A1C27AD94F000769431 /* StackAlignment.app */,
			);
			name = Products;
			sourceTree = "<group>";
		};
		BBBA9A1E27AD94F000769431 /* StackAlignment */ = {
			isa = PBXGroup;
			children = (
				BBBA9A2F27AD9EDF00769431 /* AlineacionHStack.swift */,
				BBBA9A1F27AD94F100769431 /* StackAlignmentApp.swift */,
				BBBA9A2127AD94F100769431 /* ContentView.swift */,
				BBBA9A2327AD94F100769431 /* Assets.xcassets */,
				BBBA9A2527AD94F100769431 /* Preview Content */,
				BBBA9A2D27AD9B6E00769431 /* Alignment.swift */,
				BB371C0F27B18A3B007B02B6 /* CrossStackAlignmentView.swift */,
				BB371C1127B190D1007B02B6 /* CustomZStackView.swift */,
			);
			path = StackAlignment;
			sourceTree = "<group>";
		};
		BBBA9A2527AD94F100769431 /* Preview Content */ = {
			isa = PBXGroup;
			children = (
				BBBA9A2627AD94F100769431 /* Preview Assets.xcassets */,
			);
			path = "Preview Content";
			sourceTree = "<group>";
		};
/* End PBXGroup section */

/* Begin PBXNativeTarget section */
		BBBA9A1B27AD94F000769431 /* StackAlignment */ = {
			isa = PBXNativeTarget;
			buildConfigurationList = BBBA9A2A27AD94F100769431 /* Build configuration list for PBXNativeTarget "StackAlignment" */;
			buildPhases = (
				BBBA9A1827AD94F000769431 /* Sources */,
				BBBA9A1927AD94F000769431 /* Frameworks */,
				BBBA9A1A27AD94F000769431 /* Resources */,
			);
			buildRules = (
			);
			dependencies = (
			);
			name = StackAlignment;
			productName = StackAlignment;
			productReference = BBBA9A1C27AD94F000769431 /* StackAlignment.app */;
			productType = "com.apple.product-type.application";
		};
/* End PBXNativeTarget section */

/* Begin PBXProject section */
		BBBA9A1427AD94F000769431 /* Project object */ = {
			isa = PBXProject;
			attributes = {
				BuildIndependentTargetsInParallel = 1;
				LastSwiftUpdateCheck = 1320;
				LastUpgradeCheck = 1320;
				TargetAttributes = {
					BBBA9A1B27AD94F000769431 = {
						CreatedOnToolsVersion = 13.2.1;
					};
				};
			};
			buildConfigurationList = BBBA9A1727AD94F000769431 /* Build configuration list for PBXProject "StackAlignment" */;
			compatibilityVersion = "Xcode 13.0";
			developmentRegion = en;
			hasScannedForEncodings = 0;
			knownRegions = (
				en,
				Base,
			);
			mainGroup = BBBA9A1327AD94F000769431;
			productRefGroup = BBBA9A1D27AD94F000769431 /* Products */;
			projectDirPath = "";
			projectRoot = "";
			targets = (
				BBBA9A1B27AD94F000769431 /* StackAlignment */,
			);
		};
/* End PBXProject section */

/* Begin PBXResourcesBuildPhase section */
		BBBA9A1A27AD94F000769431 /* Resources */ = {
			isa = PBXResourcesBuildPhase;
			buildActionMask = 2147483647;
			files = (
				BBBA9A2727AD94F100769431 /* Preview Assets.xcassets in Resources */,
				BBBA9A2427AD94F100769431 /* Assets.xcassets in Resources */,
			);
			runOnlyForDeploymentPostprocessing = 0;
		};
/* End PBXResourcesBuildPhase section */

/* Begin PBXSourcesBuildPhase section */
		BBBA9A1827AD94F000769431 /* Sources */ = {
			isa = PBXSourcesBuildPhase;
			buildActionMask = 2147483647;
			files = (
				BBBA9A2227AD94F100769431 /* ContentView.swift in Sources */,
				BBBA9A2E27AD9B6E00769431 /* Alignment.swift in Sources */,
				BBBA9A3027AD9EDF00769431 /* AlineacionHStack.swift in Sources */,
				BB371C1227B190D2007B02B6 /* CustomZStackView.swift in Sources */,
				BB371C1027B18A3B007B02B6 /* CrossStackAlignmentView.swift in Sources */,
				BBBA9A2027AD94F100769431 /* StackAlignmentApp.swift in Sources */,
			);
			runOnlyForDeploymentPostprocessing = 0;
		};
/* End PBXSourcesBuildPhase section */

/* Begin XCBuildConfiguration section */
		BBBA9A2827AD94F100769431 /* Debug */ = {
			isa = XCBuildConfiguration;
			buildSettings = {
				ALWAYS_SEARCH_USER_PATHS = NO;
				CLANG_ANALYZER_NONNULL = YES;
				CLANG_ANALYZER_NUMBER_OBJECT_CONVERSION = YES_AGGRESSIVE;
				CLANG_CXX_LANGUAGE_STANDARD = "gnu++17";
				CLANG_CXX_LIBRARY = "libc++";
				CLANG_ENABLE_MODULES = YES;
				CLANG_ENABLE_OBJC_ARC = YES;
				CLANG_ENABLE_OBJC_WEAK = YES;
				CLANG_WARN_BLOCK_CAPTURE_AUTORELEASING = YES;
				CLANG_WARN_BOOL_CONVERSION = YES;
				CLANG_WARN_COMMA = YES;
				CLANG_WARN_CONSTANT_CONVERSION = YES;
				CLANG_WARN_DEPRECATED_OBJC_IMPLEMENTATIONS = YES;
				CLANG_WARN_DIRECT_OBJC_ISA_USAGE = YES_ERROR;
				CLANG_WARN_DOCUMENTATION_COMMENTS = YES;
				CLANG_WARN_EMPTY_BODY = YES;
				CLANG_WARN_ENUM_CONVERSION = YES;
				CLANG_WARN_INFINITE_RECURSION = YES;
				CLANG_WARN_INT_CONVERSION = YES;
				CLANG_WARN_NON_LITERAL_NULL_CONVERSION = YES;
				CLANG_WARN_OBJC_IMPLICIT_RETAIN_SELF = YES;
				CLANG_WARN_OBJC_LITERAL_CONVERSION = YES;
				CLANG_WARN_OBJC_ROOT_CLASS = YES_ERROR;
				CLANG_WARN_QUOTED_INCLUDE_IN_FRAMEWORK_HEADER = YES;
				CLANG_WARN_RANGE_LOOP_ANALYSIS = YES;
				CLANG_WARN_STRICT_PROTOTYPES = YES;
				CLANG_WARN_SUSPICIOUS_MOVE = YES;
				CLANG_WARN_UNGUARDED_AVAILABILITY = YES_AGGRESSIVE;
				CLANG_WARN_UNREACHABLE_CODE = YES;
				CLANG_WARN__DUPLICATE_METHOD_MATCH = YES;
				COPY_PHASE_STRIP = NO;
				DEBUG_INFORMATION_FORMAT = dwarf;
				ENABLE_STRICT_OBJC_MSGSEND = YES;
				ENABLE_TESTABILITY = YES;
				GCC_C_LANGUAGE_STANDARD = gnu11;
				GCC_DYNAMIC_NO_PIC = NO;
				GCC_NO_COMMON_BLOCKS = YES;
				GCC_OPTIMIZATION_LEVEL = 0;
				GCC_PREPROCESSOR_DEFINITIONS = (
					"DEBUG=1",
					"$(inherited)",
				);
				GCC_WARN_64_TO_32_BIT_CONVERSION = YES;
				GCC_WARN_ABOUT_RETURN_TYPE = YES_ERROR;
				GCC_WARN_UNDECLARED_SELECTOR = YES;
				GCC_WARN_UNINITIALIZED_AUTOS = YES_AGGRESSIVE;
				GCC_WARN_UNUSED_FUNCTION = YES;
				GCC_WARN_UNUSED_VARIABLE = YES;
				IPHONEOS_DEPLOYMENT_TARGET = 15.2;
				MTL_ENABLE_DEBUG_INFO = INCLUDE_SOURCE;
				MTL_FAST_MATH = YES;
				ONLY_ACTIVE_ARCH = YES;
				SDKROOT = iphoneos;
				SWIFT_ACTIVE_COMPILATION_CONDITIONS = DEBUG;
				SWIFT_OPTIMIZATION_LEVEL = "-Onone";
			};
			name = Debug;
		};
		BBBA9A2927AD94F100769431 /* Release */ = {
			isa = XCBuildConfiguration;
			buildSettings = {
				ALWAYS_SEARCH_USER_PATHS = NO;
				CLANG_ANALYZER_NONNULL = YES;
				CLANG_ANALYZER_NUMBER_OBJECT_CONVERSION = YES_AGGRESSIVE;
				CLANG_CXX_LANGUAGE_STANDARD = "gnu++17";
				CLANG_CXX_LIBRARY = "libc++";
				CLANG_ENABLE_MODULES = YES;
				CLANG_ENABLE_OBJC_ARC = YES;
				CLANG_ENABLE_OBJC_WEAK = YES;
				CLANG_WARN_BLOCK_CAPTURE_AUTORELEASING = YES;
				CLANG_WARN_BOOL_CONVERSION = YES;
				CLANG_WARN_COMMA = YES;
				CLANG_WARN_CONSTANT_CONVERSION = YES;
				CLANG_WARN_DEPRECATED_OBJC_IMPLEMENTATIONS = YES;
				CLANG_WARN_DIRECT_OBJC_ISA_USAGE = YES_ERROR;
				CLANG_WARN_DOCUMENTATION_COMMENTS = YES;
				CLANG_WARN_EMPTY_BODY = YES;
				CLANG_WARN_ENUM_CONVERSION = YES;
				CLANG_WARN_INFINITE_RECURSION = YES;
				CLANG_WARN_INT_CONVERSION = YES;
				CLANG_WARN_NON_LITERAL_NULL_CONVERSION = YES;
				CLANG_WARN_OBJC_IMPLICIT_RETAIN_SELF = YES;
				CLANG_WARN_OBJC_LITERAL_CONVERSION = YES;
				CLANG_WARN_OBJC_ROOT_CLASS = YES_ERROR;
				CLANG_WARN_QUOTED_INCLUDE_IN_FRAMEWORK_HEADER = YES;
				CLANG_WARN_RANGE_LOOP_ANALYSIS = YES;
				CLANG_WARN_STRICT_PROTOTYPES = YES;
				CLANG_WARN_SUSPICIOUS_MOVE = YES;
				CLANG_WARN_UNGUARDED_AVAILABILITY = YES_AGGRESSIVE;
				CLANG_WARN_UNREACHABLE_CODE = YES;
				CLANG_WARN__DUPLICATE_METHOD_MATCH = YES;
				COPY_PHASE_STRIP = NO;
				DEBUG_INFORMATION_FORMAT = "dwarf-with-dsym";
				ENABLE_NS_ASSERTIONS = NO;
				ENABLE_STRICT_OBJC_MSGSEND = YES;
				GCC_C_LANGUAGE_STANDARD = gnu11;
				GCC_NO_COMMON_BLOCKS = YES;
				GCC_WARN_64_TO_32_BIT_CONVERSION = YES;
				GCC_WARN_ABOUT_RETURN_TYPE = YES_ERROR;
				GCC_WARN_UNDECLARED_SELECTOR = YES;
				GCC_WARN_UNINITIALIZED_AUTOS = YES_AGGRESSIVE;
				GCC_WARN_UNUSED_FUNCTION = YES;
				GCC_WARN_UNUSED_VARIABLE = YES;
				IPHONEOS_DEPLOYMENT_TARGET = 15.2;
				MTL_ENABLE_DEBUG_INFO = NO;
				MTL_FAST_MATH = YES;
				SDKROOT = iphoneos;
				SWIFT_COMPILATION_MODE = wholemodule;
				SWIFT_OPTIMIZATION_LEVEL = "-O";
				VALIDATE_PRODUCT = YES;
			};
			name = Release;
		};
		BBBA9A2B27AD94F100769431 /* Debug */ = {
			isa = XCBuildConfiguration;
			buildSettings = {
				ASSETCATALOG_COMPILER_APPICON_NAME = AppIcon;
				ASSETCATALOG_COMPILER_GLOBAL_ACCENT_COLOR_NAME = AccentColor;
				CODE_SIGN_STYLE = Automatic;
				CURRENT_PROJECT_VERSION = 1;
				DEVELOPMENT_ASSET_PATHS = "\"StackAlignment/Preview Content\"";
				DEVELOPMENT_TEAM = M6K96Y9B53;
				ENABLE_PREVIEWS = YES;
				GENERATE_INFOPLIST_FILE = YES;
				INFOPLIST_KEY_UIApplicationSceneManifest_Generation = YES;
				INFOPLIST_KEY_UIApplicationSupportsIndirectInputEvents = YES;
				INFOPLIST_KEY_UILaunchScreen_Generation = YES;
				INFOPLIST_KEY_UISupportedInterfaceOrientations_iPad = "UIInterfaceOrientationPortrait UIInterfaceOrientationPortraitUpsideDown UIInterfaceOrientationLandscapeLeft UIInterfaceOrientationLandscapeRight";
				INFOPLIST_KEY_UISupportedInterfaceOrientations_iPhone = "UIInterfaceOrientationPortrait UIInterfaceOrientationLandscapeLeft UIInterfaceOrientationLandscapeRight";
				LD_RUNPATH_SEARCH_PATHS = (
					"$(inherited)",
					"@executable_path/Frameworks",
				);
				MARKETING_VERSION = 1.0;
				PRODUCT_BUNDLE_IDENTIFIER = tzuzulcode.StackAlignment;
				PRODUCT_NAME = "$(TARGET_NAME)";
				SWIFT_EMIT_LOC_STRINGS = YES;
				SWIFT_VERSION = 5.0;
				TARGETED_DEVICE_FAMILY = "1,2";
			};
			name = Debug;
		};
		BBBA9A2C27AD94F100769431 /* Release */ = {
			isa = XCBuildConfiguration;
			buildSettings = {
				ASSETCATALOG_COMPILER_APPICON_NAME = AppIcon;
				ASSETCATALOG_COMPILER_GLOBAL_ACCENT_COLOR_NAME = AccentColor;
				CODE_SIGN_STYLE = Automatic;
				CURRENT_PROJECT_VERSION = 1;
				DEVELOPMENT_ASSET_PATHS = "\"StackAlignment/Preview Content\"";
				DEVELOPMENT_TEAM = M6K96Y9B53;
				ENABLE_PREVIEWS = YES;
				GENERATE_INFOPLIST_FILE = YES;
				INFOPLIST_KEY_UIApplicationSceneManifest_Generation = YES;
				INFOPLIST_KEY_UIApplicationSupportsIndirectInputEvents = YES;
				INFOPLIST_KEY_UILaunchScreen_Generation = YES;
				INFOPLIST_KEY_UISupportedInterfaceOrientations_iPad = "UIInterfaceOrientationPortrait UIInterfaceOrientationPortraitUpsideDown UIInterfaceOrientationLandscapeLeft UIInterfaceOrientationLandscapeRight";
				INFOPLIST_KEY_UISupportedInterfaceOrientations_iPhone = "UIInterfaceOrientationPortrait UIInterfaceOrientationLandscapeLeft UIInterfaceOrientationLandscapeRight";
				LD_RUNPATH_SEARCH_PATHS = (
					"$(inherited)",
					"@executable_path/Frameworks",
				);
				MARKETING_VERSION = 1.0;
				PRODUCT_BUNDLE_IDENTIFIER = tzuzulcode.StackAlignment;
				PRODUCT_NAME = "$(TARGET_NAME)";
				SWIFT_EMIT_LOC_STRINGS = YES;
				SWIFT_VERSION = 5.0;
				TARGETED_DEVICE_FAMILY = "1,2";
			};
			name = Release;
		};
/* End XCBuildConfiguration section */

/* Begin XCConfigurationList section */
		BBBA9A1727AD94F000769431 /* Build configuration list for PBXProject "StackAlignment" */ = {
			isa = XCConfigurationList;
			buildConfigurations = (
				BBBA9A2827AD94F100769431 /* Debug */,
				BBBA9A2927AD94F100769431 /* Release */,
			);
			defaultConfigurationIsVisible = 0;
			defaultConfigurationName = Release;
		};
		BBBA9A2A27AD94F100769431 /* Build configuration list for PBXNativeTarget "StackAlignment" */ = {
			isa = XCConfigurationList;
			buildConfigurations = (
				BBBA9A2B27AD94F100769431 /* Debug */,
				BBBA9A2C27AD94F100769431 /* Release */,
			);
			defaultConfigurationIsVisible = 0;
			defaultConfigurationName = Release;
		};
/* End XCConfigurationList section */
	};
	rootObject = BBBA9A1427AD94F000769431 /* Project object */;
}
