// !$*UTF8*$!
{
	archiveVersion = 1;
	classes = {
	};
	objectVersion = 55;
	objects = {

/* Begin PBXBuildFile section */
		BB1FF53927C404540095B452 /* OutlineDisclosureGroupsApp.swift in Sources */ = {isa = PBXBuildFile; fileRef = BB1FF53827C404540095B452 /* OutlineDisclosureGroupsApp.swift */; };
		BB1FF53B27C404540095B452 /* ContentView.swift in Sources */ = {isa = PBXBuildFile; fileRef = BB1FF53A27C404540095B452 /* ContentView.swift */; };
		BB1FF53D27C404550095B452 /* Assets.xcassets in Resources */ = {isa = PBXBuildFile; fileRef = BB1FF53C27C404550095B452 /* Assets.xcassets */; };
		BB1FF54027C404550095B452 /* Preview Assets.xcassets in Resources */ = {isa = PBXBuildFile; fileRef = BB1FF53F27C404550095B452 /* Preview Assets.xcassets */; };
		BB1FF54827C405070095B452 /* Car.swift in Sources */ = {isa = PBXBuildFile; fileRef = BB1FF54727C405070095B452 /* Car.swift */; };
		BB1FF54B27C406330095B452 /* CategoriesView.swift in Sources */ = {isa = PBXBuildFile; fileRef = BB1FF54A27C406330095B452 /* CategoriesView.swift */; };
		BB1FF54D27C408460095B452 /* CarElementView.swift in Sources */ = {isa = PBXBuildFile; fileRef = BB1FF54C27C408460095B452 /* CarElementView.swift */; };
		BB1FF55227C40A7F0095B452 /* CarsListView.swift in Sources */ = {isa = PBXBuildFile; fileRef = BB1FF55127C40A7F0095B452 /* CarsListView.swift */; };
/* End PBXBuildFile section */

/* Begin PBXFileReference section */
		BB1FF53527C404540095B452 /* OutlineDisclosureGroups.app */ = {isa = PBXFileReference; explicitFileType = wrapper.application; includeInIndex = 0; path = OutlineDisclosureGroups.app; sourceTree = BUILT_PRODUCTS_DIR; };
		BB1FF53827C404540095B452 /* OutlineDisclosureGroupsApp.swift */ = {isa = PBXFileReference; lastKnownFileType = sourcecode.swift; path = OutlineDisclosureGroupsApp.swift; sourceTree = "<group>"; };
		BB1FF53A27C404540095B452 /* ContentView.swift */ = {isa = PBXFileReference; lastKnownFileType = sourcecode.swift; path = ContentView.swift; sourceTree = "<group>"; };
		BB1FF53C27C404550095B452 /* Assets.xcassets */ = {isa = PBXFileReference; lastKnownFileType = folder.assetcatalog; path = Assets.xcassets; sourceTree = "<group>"; };
		BB1FF53F27C404550095B452 /* Preview Assets.xcassets */ = {isa = PBXFileReference; lastKnownFileType = folder.assetcatalog; path = "Preview Assets.xcassets"; sourceTree = "<group>"; };
		BB1FF54727C405070095B452 /* Car.swift */ = {isa = PBXFileReference; lastKnownFileType = sourcecode.swift; path = Car.swift; sourceTree = "<group>"; };
		BB1FF54A27C406330095B452 /* CategoriesView.swift */ = {isa = PBXFileReference; lastKnownFileType = sourcecode.swift; path = CategoriesView.swift; sourceTree = "<group>"; };
		BB1FF54C27C408460095B452 /* CarElementView.swift */ = {isa = PBXFileReference; lastKnownFileType = sourcecode.swift; path = CarElementView.swift; sourceTree = "<group>"; };
		BB1FF55127C40A7F0095B452 /* CarsListView.swift */ = {isa = PBXFileReference; lastKnownFileType = sourcecode.swift; path = CarsListView.swift; sourceTree = "<group>"; };
/* End PBXFileReference section */

/* Begin PBXFrameworksBuildPhase section */
		BB1FF53227C404540095B452 /* Frameworks */ = {
			isa = PBXFrameworksBuildPhase;
			buildActionMask = 2147483647;
			files = (
			);
			runOnlyForDeploymentPostprocessing = 0;
		};
/* End PBXFrameworksBuildPhase section */

/* Begin PBXGroup section */
		BB1FF52C27C404540095B452 = {
			isa = PBXGroup;
			children = (
				BB1FF53727C404540095B452 /* OutlineDisclosureGroups */,
				BB1FF53627C404540095B452 /* Products */,
			);
			sourceTree = "<group>";
		};
		BB1FF53627C404540095B452 /* Products */ = {
			isa = PBXGroup;
			children = (
				BB1FF53527C404540095B452 /* OutlineDisclosureGroups.app */,
			);
			name = Products;
			sourceTree = "<group>";
		};
		BB1FF53727C404540095B452 /* OutlineDisclosureGroups */ = {
			isa = PBXGroup;
			children = (
				BB1FF54F27C408C50095B452 /* Supporting Views */,
				BB1FF54927C406150095B452 /* Views */,
				BB1FF54627C404B20095B452 /* Model */,
				BB1FF53827C404540095B452 /* OutlineDisclosureGroupsApp.swift */,
				BB1FF53A27C404540095B452 /* ContentView.swift */,
				BB1FF53C27C404550095B452 /* Assets.xcassets */,
				BB1FF53E27C404550095B452 /* Preview Content */,
			);
			path = OutlineDisclosureGroups;
			sourceTree = "<group>";
		};
		BB1FF53E27C404550095B452 /* Preview Content */ = {
			isa = PBXGroup;
			children = (
				BB1FF53F27C404550095B452 /* Preview Assets.xcassets */,
			);
			path = "Preview Content";
			sourceTree = "<group>";
		};
		BB1FF54627C404B20095B452 /* Model */ = {
			isa = PBXGroup;
			children = (
				BB1FF54727C405070095B452 /* Car.swift */,
			);
			path = Model;
			sourceTree = "<group>";
		};
		BB1FF54927C406150095B452 /* Views */ = {
			isa = PBXGroup;
			children = (
				BB1FF54A27C406330095B452 /* CategoriesView.swift */,
			);
			path = Views;
			sourceTree = "<group>";
		};
		BB1FF54F27C408C50095B452 /* Supporting Views */ = {
			isa = PBXGroup;
			children = (
				BB1FF55027C40A580095B452 /* CarElements */,
			);
			path = "Supporting Views";
			sourceTree = "<group>";
		};
		BB1FF55027C40A580095B452 /* CarElements */ = {
			isa = PBXGroup;
			children = (
				BB1FF54C27C408460095B452 /* CarElementView.swift */,
				BB1FF55127C40A7F0095B452 /* CarsListView.swift */,
			);
			path = CarElements;
			sourceTree = "<group>";
		};
/* End PBXGroup section */

/* Begin PBXNativeTarget section */
		BB1FF53427C404540095B452 /* OutlineDisclosureGroups */ = {
			isa = PBXNativeTarget;
			buildConfigurationList = BB1FF54327C404550095B452 /* Build configuration list for PBXNativeTarget "OutlineDisclosureGroups" */;
			buildPhases = (
				BB1FF53127C404540095B452 /* Sources */,
				BB1FF53227C404540095B452 /* Frameworks */,
				BB1FF53327C404540095B452 /* Resources */,
			);
			buildRules = (
			);
			dependencies = (
			);
			name = OutlineDisclosureGroups;
			productName = OutlineDisclosureGroups;
			productReference = BB1FF53527C404540095B452 /* OutlineDisclosureGroups.app */;
			productType = "com.apple.product-type.application";
		};
/* End PBXNativeTarget section */

/* Begin PBXProject section */
		BB1FF52D27C404540095B452 /* Project object */ = {
			isa = PBXProject;
			attributes = {
				BuildIndependentTargetsInParallel = 1;
				LastSwiftUpdateCheck = 1320;
				LastUpgradeCheck = 1320;
				TargetAttributes = {
					BB1FF53427C404540095B452 = {
						CreatedOnToolsVersion = 13.2.1;
					};
				};
			};
			buildConfigurationList = BB1FF53027C404540095B452 /* Build configuration list for PBXProject "OutlineDisclosureGroups" */;
			compatibilityVersion = "Xcode 13.0";
			developmentRegion = en;
			hasScannedForEncodings = 0;
			knownRegions = (
				en,
				Base,
			);
			mainGroup = BB1FF52C27C404540095B452;
			productRefGroup = BB1FF53627C404540095B452 /* Products */;
			projectDirPath = "";
			projectRoot = "";
			targets = (
				BB1FF53427C404540095B452 /* OutlineDisclosureGroups */,
			);
		};
/* End PBXProject section */

/* Begin PBXResourcesBuildPhase section */
		BB1FF53327C404540095B452 /* Resources */ = {
			isa = PBXResourcesBuildPhase;
			buildActionMask = 2147483647;
			files = (
				BB1FF54027C404550095B452 /* Preview Assets.xcassets in Resources */,
				BB1FF53D27C404550095B452 /* Assets.xcassets in Resources */,
			);
			runOnlyForDeploymentPostprocessing = 0;
		};
/* End PBXResourcesBuildPhase section */

/* Begin PBXSourcesBuildPhase section */
		BB1FF53127C404540095B452 /* Sources */ = {
			isa = PBXSourcesBuildPhase;
			buildActionMask = 2147483647;
			files = (
				BB1FF54B27C406330095B452 /* CategoriesView.swift in Sources */,
				BB1FF53B27C404540095B452 /* ContentView.swift in Sources */,
				BB1FF53927C404540095B452 /* OutlineDisclosureGroupsApp.swift in Sources */,
				BB1FF54827C405070095B452 /* Car.swift in Sources */,
				BB1FF54D27C408460095B452 /* CarElementView.swift in Sources */,
				BB1FF55227C40A7F0095B452 /* CarsListView.swift in Sources */,
			);
			runOnlyForDeploymentPostprocessing = 0;
		};
/* End PBXSourcesBuildPhase section */

/* Begin XCBuildConfiguration section */
		BB1FF54127C404550095B452 /* Debug */ = {
			isa = XCBuildConfiguration;
			buildSettings = {
				ALWAYS_SEARCH_USER_PATHS = NO;
				CLANG_ANALYZER_NONNULL = YES;
				CLANG_ANALYZER_NUMBER_OBJECT_CONVERSION = YES_AGGRESSIVE;
				CLANG_CXX_LANGUAGE_STANDARD = "gnu++17";
				CLANG_CXX_LIBRARY = "libc++";
				CLANG_ENABLE_MODULES = YES;
				CLANG_ENABLE_OBJC_ARC = YES;
				CLANG_ENABLE_OBJC_WEAK = YES;
				CLANG_WARN_BLOCK_CAPTURE_AUTORELEASING = YES;
				CLANG_WARN_BOOL_CONVERSION = YES;
				CLANG_WARN_COMMA = YES;
				CLANG_WARN_CONSTANT_CONVERSION = YES;
				CLANG_WARN_DEPRECATED_OBJC_IMPLEMENTATIONS = YES;
				CLANG_WARN_DIRECT_OBJC_ISA_USAGE = YES_ERROR;
				CLANG_WARN_DOCUMENTATION_COMMENTS = YES;
				CLANG_WARN_EMPTY_BODY = YES;
				CLANG_WARN_ENUM_CONVERSION = YES;
				CLANG_WARN_INFINITE_RECURSION = YES;
				CLANG_WARN_INT_CONVERSION = YES;
				CLANG_WARN_NON_LITERAL_NULL_CONVERSION = YES;
				CLANG_WARN_OBJC_IMPLICIT_RETAIN_SELF = YES;
				CLANG_WARN_OBJC_LITERAL_CONVERSION = YES;
				CLANG_WARN_OBJC_ROOT_CLASS = YES_ERROR;
				CLANG_WARN_QUOTED_INCLUDE_IN_FRAMEWORK_HEADER = YES;
				CLANG_WARN_RANGE_LOOP_ANALYSIS = YES;
				CLANG_WARN_STRICT_PROTOTYPES = YES;
				CLANG_WARN_SUSPICIOUS_MOVE = YES;
				CLANG_WARN_UNGUARDED_AVAILABILITY = YES_AGGRESSIVE;
				CLANG_WARN_UNREACHABLE_CODE = YES;
				CLANG_WARN__DUPLICATE_METHOD_MATCH = YES;
				COPY_PHASE_STRIP = NO;
				DEBUG_INFORMATION_FORMAT = dwarf;
				ENABLE_STRICT_OBJC_MSGSEND = YES;
				ENABLE_TESTABILITY = YES;
				GCC_C_LANGUAGE_STANDARD = gnu11;
				GCC_DYNAMIC_NO_PIC = NO;
				GCC_NO_COMMON_BLOCKS = YES;
				GCC_OPTIMIZATION_LEVEL = 0;
				GCC_PREPROCESSOR_DEFINITIONS = (
					"DEBUG=1",
					"$(inherited)",
				);
				GCC_WARN_64_TO_32_BIT_CONVERSION = YES;
				GCC_WARN_ABOUT_RETURN_TYPE = YES_ERROR;
				GCC_WARN_UNDECLARED_SELECTOR = YES;
				GCC_WARN_UNINITIALIZED_AUTOS = YES_AGGRESSIVE;
				GCC_WARN_UNUSED_FUNCTION = YES;
				GCC_WARN_UNUSED_VARIABLE = YES;
				IPHONEOS_DEPLOYMENT_TARGET = 15.2;
				MTL_ENABLE_DEBUG_INFO = INCLUDE_SOURCE;
				MTL_FAST_MATH = YES;
				ONLY_ACTIVE_ARCH = YES;
				SDKROOT = iphoneos;
				SWIFT_ACTIVE_COMPILATION_CONDITIONS = DEBUG;
				SWIFT_OPTIMIZATION_LEVEL = "-Onone";
			};
			name = Debug;
		};
		BB1FF54227C404550095B452 /* Release */ = {
			isa = XCBuildConfiguration;
			buildSettings = {
				ALWAYS_SEARCH_USER_PATHS = NO;
				CLANG_ANALYZER_NONNULL = YES;
				CLANG_ANALYZER_NUMBER_OBJECT_CONVERSION = YES_AGGRESSIVE;
				CLANG_CXX_LANGUAGE_STANDARD = "gnu++17";
				CLANG_CXX_LIBRARY = "libc++";
				CLANG_ENABLE_MODULES = YES;
				CLANG_ENABLE_OBJC_ARC = YES;
				CLANG_ENABLE_OBJC_WEAK = YES;
				CLANG_WARN_BLOCK_CAPTURE_AUTORELEASING = YES;
				CLANG_WARN_BOOL_CONVERSION = YES;
				CLANG_WARN_COMMA = YES;
				CLANG_WARN_CONSTANT_CONVERSION = YES;
				CLANG_WARN_DEPRECATED_OBJC_IMPLEMENTATIONS = YES;
				CLANG_WARN_DIRECT_OBJC_ISA_USAGE = YES_ERROR;
				CLANG_WARN_DOCUMENTATION_COMMENTS = YES;
				CLANG_WARN_EMPTY_BODY = YES;
				CLANG_WARN_ENUM_CONVERSION = YES;
				CLANG_WARN_INFINITE_RECURSION = YES;
				CLANG_WARN_INT_CONVERSION = YES;
				CLANG_WARN_NON_LITERAL_NULL_CONVERSION = YES;
				CLANG_WARN_OBJC_IMPLICIT_RETAIN_SELF = YES;
				CLANG_WARN_OBJC_LITERAL_CONVERSION = YES;
				CLANG_WARN_OBJC_ROOT_CLASS = YES_ERROR;
				CLANG_WARN_QUOTED_INCLUDE_IN_FRAMEWORK_HEADER = YES;
				CLANG_WARN_RANGE_LOOP_ANALYSIS = YES;
				CLANG_WARN_STRICT_PROTOTYPES = YES;
				CLANG_WARN_SUSPICIOUS_MOVE = YES;
				CLANG_WARN_UNGUARDED_AVAILABILITY = YES_AGGRESSIVE;
				CLANG_WARN_UNREACHABLE_CODE = YES;
				CLANG_WARN__DUPLICATE_METHOD_MATCH = YES;
				COPY_PHASE_STRIP = NO;
				DEBUG_INFORMATION_FORMAT = "dwarf-with-dsym";
				ENABLE_NS_ASSERTIONS = NO;
				ENABLE_STRICT_OBJC_MSGSEND = YES;
				GCC_C_LANGUAGE_STANDARD = gnu11;
				GCC_NO_COMMON_BLOCKS = YES;
				GCC_WARN_64_TO_32_BIT_CONVERSION = YES;
				GCC_WARN_ABOUT_RETURN_TYPE = YES_ERROR;
				GCC_WARN_UNDECLARED_SELECTOR = YES;
				GCC_WARN_UNINITIALIZED_AUTOS = YES_AGGRESSIVE;
				GCC_WARN_UNUSED_FUNCTION = YES;
				GCC_WARN_UNUSED_VARIABLE = YES;
				IPHONEOS_DEPLOYMENT_TARGET = 15.2;
				MTL_ENABLE_DEBUG_INFO = NO;
				MTL_FAST_MATH = YES;
				SDKROOT = iphoneos;
				SWIFT_COMPILATION_MODE = wholemodule;
				SWIFT_OPTIMIZATION_LEVEL = "-O";
				VALIDATE_PRODUCT = YES;
			};
			name = Release;
		};
		BB1FF54427C404550095B452 /* Debug */ = {
			isa = XCBuildConfiguration;
			buildSettings = {
				ASSETCATALOG_COMPILER_APPICON_NAME = AppIcon;
				ASSETCATALOG_COMPILER_GLOBAL_ACCENT_COLOR_NAME = AccentColor;
				CODE_SIGN_STYLE = Automatic;
				CURRENT_PROJECT_VERSION = 1;
				DEVELOPMENT_ASSET_PATHS = "\"OutlineDisclosureGroups/Preview Content\"";
				DEVELOPMENT_TEAM = M6K96Y9B53;
				ENABLE_PREVIEWS = YES;
				GENERATE_INFOPLIST_FILE = YES;
				INFOPLIST_KEY_UIApplicationSceneManifest_Generation = YES;
				INFOPLIST_KEY_UIApplicationSupportsIndirectInputEvents = YES;
				INFOPLIST_KEY_UILaunchScreen_Generation = YES;
				INFOPLIST_KEY_UISupportedInterfaceOrientations_iPad = "UIInterfaceOrientationPortrait UIInterfaceOrientationPortraitUpsideDown UIInterfaceOrientationLandscapeLeft UIInterfaceOrientationLandscapeRight";
				INFOPLIST_KEY_UISupportedInterfaceOrientations_iPhone = "UIInterfaceOrientationPortrait UIInterfaceOrientationLandscapeLeft UIInterfaceOrientationLandscapeRight";
				LD_RUNPATH_SEARCH_PATHS = (
					"$(inherited)",
					"@executable_path/Frameworks",
				);
				MARKETING_VERSION = 1.0;
				PRODUCT_BUNDLE_IDENTIFIER = tzuzulcode.OutlineDisclosureGroups;
				PRODUCT_NAME = "$(TARGET_NAME)";
				SWIFT_EMIT_LOC_STRINGS = YES;
				SWIFT_VERSION = 5.0;
				TARGETED_DEVICE_FAMILY = "1,2";
			};
			name = Debug;
		};
		BB1FF54527C404550095B452 /* Release */ = {
			isa = XCBuildConfiguration;
			buildSettings = {
				ASSETCATALOG_COMPILER_APPICON_NAME = AppIcon;
				ASSETCATALOG_COMPILER_GLOBAL_ACCENT_COLOR_NAME = AccentColor;
				CODE_SIGN_STYLE = Automatic;
				CURRENT_PROJECT_VERSION = 1;
				DEVELOPMENT_ASSET_PATHS = "\"OutlineDisclosureGroups/Preview Content\"";
				DEVELOPMENT_TEAM = M6K96Y9B53;
				ENABLE_PREVIEWS = YES;
				GENERATE_INFOPLIST_FILE = YES;
				INFOPLIST_KEY_UIApplicationSceneManifest_Generation = YES;
				INFOPLIST_KEY_UIApplicationSupportsIndirectInputEvents = YES;
				INFOPLIST_KEY_UILaunchScreen_Generation = YES;
				INFOPLIST_KEY_UISupportedInterfaceOrientations_iPad = "UIInterfaceOrientationPortrait UIInterfaceOrientationPortraitUpsideDown UIInterfaceOrientationLandscapeLeft UIInterfaceOrientationLandscapeRight";
				INFOPLIST_KEY_UISupportedInterfaceOrientations_iPhone = "UIInterfaceOrientationPortrait UIInterfaceOrientationLandscapeLeft UIInterfaceOrientationLandscapeRight";
				LD_RUNPATH_SEARCH_PATHS = (
					"$(inherited)",
					"@executable_path/Frameworks",
				);
				MARKETING_VERSION = 1.0;
				PRODUCT_BUNDLE_IDENTIFIER = tzuzulcode.OutlineDisclosureGroups;
				PRODUCT_NAME = "$(TARGET_NAME)";
				SWIFT_EMIT_LOC_STRINGS = YES;
				SWIFT_VERSION = 5.0;
				TARGETED_DEVICE_FAMILY = "1,2";
			};
			name = Release;
		};
/* End XCBuildConfiguration section */

/* Begin XCConfigurationList section */
		BB1FF53027C404540095B452 /* Build configuration list for PBXProject "OutlineDisclosureGroups" */ = {
			isa = XCConfigurationList;
			buildConfigurations = (
				BB1FF54127C404550095B452 /* Debug */,
				BB1FF54227C404550095B452 /* Release */,
			);
			defaultConfigurationIsVisible = 0;
			defaultConfigurationName = Release;
		};
		BB1FF54327C404550095B452 /* Build configuration list for PBXNativeTarget "OutlineDisclosureGroups" */ = {
			isa = XCConfigurationList;
			buildConfigurations = (
				BB1FF54427C404550095B452 /* Debug */,
				BB1FF54527C404550095B452 /* Release */,
			);
			defaultConfigurationIsVisible = 0;
			defaultConfigurationName = Release;
		};
/* End XCConfigurationList section */
	};
	rootObject = BB1FF52D27C404540095B452 /* Project object */;
}
