// !$*UTF8*$!
{
	archiveVersion = 1;
	classes = {
	};
	objectVersion = 55;
	objects = {

/* Begin PBXBuildFile section */
		BB08BB5027CE94EF001EA12D /* OrderView.swift in Sources */ = {isa = PBXBuildFile; fileRef = BB08BB4F27CE94EF001EA12D /* OrderView.swift */; };
		BB1D5DC827D916F700D4FD71 /* API.swift in Sources */ = {isa = PBXBuildFile; fileRef = BB1D5DC727D916F700D4FD71 /* API.swift */; };
		BB1E7B3D27D675B700F9F488 /* CancelOrderView.swift in Sources */ = {isa = PBXBuildFile; fileRef = BB1E7B3C27D675B700F9F488 /* CancelOrderView.swift */; };
		BB1E7B3F27D67A6800F9F488 /* CancelModalView.swift in Sources */ = {isa = PBXBuildFile; fileRef = BB1E7B3E27D67A6800F9F488 /* CancelModalView.swift */; };
		BB1E7B4127D67CC900F9F488 /* CustomButtonStyle.swift in Sources */ = {isa = PBXBuildFile; fileRef = BB1E7B4027D67CC900F9F488 /* CustomButtonStyle.swift */; };
		BB1E7B4327D6815B00F9F488 /* BlurBackground.swift in Sources */ = {isa = PBXBuildFile; fileRef = BB1E7B4227D6815B00F9F488 /* BlurBackground.swift */; };
		BB1EA1EA27C6A486005E9BDD /* CarOrderFormApp.swift in Sources */ = {isa = PBXBuildFile; fileRef = BB1EA1E927C6A486005E9BDD /* CarOrderFormApp.swift */; };
		BB1EA1EC27C6A486005E9BDD /* ContentView.swift in Sources */ = {isa = PBXBuildFile; fileRef = BB1EA1EB27C6A486005E9BDD /* ContentView.swift */; };
		BB1EA1EE27C6A487005E9BDD /* Assets.xcassets in Resources */ = {isa = PBXBuildFile; fileRef = BB1EA1ED27C6A487005E9BDD /* Assets.xcassets */; };
		BB1EA1F127C6A487005E9BDD /* Preview Assets.xcassets in Resources */ = {isa = PBXBuildFile; fileRef = BB1EA1F027C6A487005E9BDD /* Preview Assets.xcassets */; };
		BB1EA1FF27C6A67C005E9BDD /* CarInfoBasicView.swift in Sources */ = {isa = PBXBuildFile; fileRef = BB1EA1FE27C6A67C005E9BDD /* CarInfoBasicView.swift */; };
		BB1EA20827C6ACD1005E9BDD /* CarInfoDetailsView.swift in Sources */ = {isa = PBXBuildFile; fileRef = BB1EA20727C6ACD1005E9BDD /* CarInfoDetailsView.swift */; };
		BB1EA20A27C6AE11005E9BDD /* CarInfoPhotosView.swift in Sources */ = {isa = PBXBuildFile; fileRef = BB1EA20927C6AE11005E9BDD /* CarInfoPhotosView.swift */; };
		BB1EA20C27C6AFC2005E9BDD /* CarInfoView.swift in Sources */ = {isa = PBXBuildFile; fileRef = BB1EA20B27C6AFC2005E9BDD /* CarInfoView.swift */; };
		BB24CD4427CD3A54003E0715 /* TopOrderView.swift in Sources */ = {isa = PBXBuildFile; fileRef = BB24CD4327CD3A54003E0715 /* TopOrderView.swift */; };
		BB24CD4627CD3A62003E0715 /* BottomOrderView.swift in Sources */ = {isa = PBXBuildFile; fileRef = BB24CD4527CD3A62003E0715 /* BottomOrderView.swift */; };
		BB24CD4827CD3E9B003E0715 /* Font.swift in Sources */ = {isa = PBXBuildFile; fileRef = BB24CD4727CD3E9B003E0715 /* Font.swift */; };
		BB28BE4627C948CC00ED2460 /* PropertyViewModel.swift in Sources */ = {isa = PBXBuildFile; fileRef = BB28BE4527C948CC00ED2460 /* PropertyViewModel.swift */; };
		BB42B3E827D12EA40039DF17 /* OrderViewModel.swift in Sources */ = {isa = PBXBuildFile; fileRef = BB42B3E727D12EA40039DF17 /* OrderViewModel.swift */; };
		BB96BFC227C7FB2900A64C52 /* ColorExtension.swift in Sources */ = {isa = PBXBuildFile; fileRef = BB96BFC127C7FB2800A64C52 /* ColorExtension.swift */; };
		BB96BFC427C7FDDE00A64C52 /* FormView.swift in Sources */ = {isa = PBXBuildFile; fileRef = BB96BFC327C7FDDE00A64C52 /* FormView.swift */; };
		BBD0494F27D7C4F000CE0E34 /* OrderDetailsView.swift in Sources */ = {isa = PBXBuildFile; fileRef = BBD0494E27D7C4F000CE0E34 /* OrderDetailsView.swift */; };
		BBD26EBD27E106B000912F6C /* CarsViewModel.swift in Sources */ = {isa = PBXBuildFile; fileRef = BBD26EBC27E106B000912F6C /* CarsViewModel.swift */; };
		BBD26EBF27E106DD00912F6C /* Car.swift in Sources */ = {isa = PBXBuildFile; fileRef = BBD26EBE27E106DD00912F6C /* Car.swift */; };
/* End PBXBuildFile section */

/* Begin PBXFileReference section */
		BB08BB4F27CE94EF001EA12D /* OrderView.swift */ = {isa = PBXFileReference; lastKnownFileType = sourcecode.swift; path = OrderView.swift; sourceTree = "<group>"; };
		BB1D5DC727D916F700D4FD71 /* API.swift */ = {isa = PBXFileReference; lastKnownFileType = sourcecode.swift; path = API.swift; sourceTree = "<group>"; };
		BB1E7B3C27D675B700F9F488 /* CancelOrderView.swift */ = {isa = PBXFileReference; lastKnownFileType = sourcecode.swift; path = CancelOrderView.swift; sourceTree = "<group>"; };
		BB1E7B3E27D67A6800F9F488 /* CancelModalView.swift */ = {isa = PBXFileReference; lastKnownFileType = sourcecode.swift; path = CancelModalView.swift; sourceTree = "<group>"; };
		BB1E7B4027D67CC900F9F488 /* CustomButtonStyle.swift */ = {isa = PBXFileReference; lastKnownFileType = sourcecode.swift; path = CustomButtonStyle.swift; sourceTree = "<group>"; };
		BB1E7B4227D6815B00F9F488 /* BlurBackground.swift */ = {isa = PBXFileReference; lastKnownFileType = sourcecode.swift; path = BlurBackground.swift; sourceTree = "<group>"; };
		BB1EA1E627C6A486005E9BDD /* CarOrderForm.app */ = {isa = PBXFileReference; explicitFileType = wrapper.application; includeInIndex = 0; path = CarOrderForm.app; sourceTree = BUILT_PRODUCTS_DIR; };
		BB1EA1E927C6A486005E9BDD /* CarOrderFormApp.swift */ = {isa = PBXFileReference; lastKnownFileType = sourcecode.swift; path = CarOrderFormApp.swift; sourceTree = "<group>"; };
		BB1EA1EB27C6A486005E9BDD /* ContentView.swift */ = {isa = PBXFileReference; lastKnownFileType = sourcecode.swift; path = ContentView.swift; sourceTree = "<group>"; };
		BB1EA1ED27C6A487005E9BDD /* Assets.xcassets */ = {isa = PBXFileReference; lastKnownFileType = folder.assetcatalog; path = Assets.xcassets; sourceTree = "<group>"; };
		BB1EA1F027C6A487005E9BDD /* Preview Assets.xcassets */ = {isa = PBXFileReference; lastKnownFileType = folder.assetcatalog; path = "Preview Assets.xcassets"; sourceTree = "<group>"; };
		BB1EA1FE27C6A67C005E9BDD /* CarInfoBasicView.swift */ = {isa = PBXFileReference; lastKnownFileType = sourcecode.swift; path = CarInfoBasicView.swift; sourceTree = "<group>"; };
		BB1EA20127C6AADE005E9BDD /* AvenirNextCondensed-Heavy.ttf */ = {isa = PBXFileReference; lastKnownFileType = file; path = "AvenirNextCondensed-Heavy.ttf"; sourceTree = "<group>"; };
		BB1EA20227C6AADE005E9BDD /* AvenirNextCondensed-Bold.ttf */ = {isa = PBXFileReference; lastKnownFileType = file; path = "AvenirNextCondensed-Bold.ttf"; sourceTree = "<group>"; };
		BB1EA20327C6AADE005E9BDD /* AvenirNextCondensed-Medium.ttf */ = {isa = PBXFileReference; lastKnownFileType = file; path = "AvenirNextCondensed-Medium.ttf"; sourceTree = "<group>"; };
		BB1EA20427C6AADE005E9BDD /* AvenirNextCondensed-UltraLight.ttf */ = {isa = PBXFileReference; lastKnownFileType = file; path = "AvenirNextCondensed-UltraLight.ttf"; sourceTree = "<group>"; };
		BB1EA20527C6AADE005E9BDD /* AvenirNextCondensed-DemiBold.ttf */ = {isa = PBXFileReference; lastKnownFileType = file; path = "AvenirNextCondensed-DemiBold.ttf"; sourceTree = "<group>"; };
		BB1EA20627C6AADE005E9BDD /* AvenirNextCondensed-Regular.ttf */ = {isa = PBXFileReference; lastKnownFileType = file; path = "AvenirNextCondensed-Regular.ttf"; sourceTree = "<group>"; };
		BB1EA20727C6ACD1005E9BDD /* CarInfoDetailsView.swift */ = {isa = PBXFileReference; lastKnownFileType = sourcecode.swift; path = CarInfoDetailsView.swift; sourceTree = "<group>"; };
		BB1EA20927C6AE11005E9BDD /* CarInfoPhotosView.swift */ = {isa = PBXFileReference; lastKnownFileType = sourcecode.swift; path = CarInfoPhotosView.swift; sourceTree = "<group>"; };
		BB1EA20B27C6AFC2005E9BDD /* CarInfoView.swift */ = {isa = PBXFileReference; lastKnownFileType = sourcecode.swift; path = CarInfoView.swift; sourceTree = "<group>"; };
		BB24CD4327CD3A54003E0715 /* TopOrderView.swift */ = {isa = PBXFileReference; lastKnownFileType = sourcecode.swift; path = TopOrderView.swift; sourceTree = "<group>"; };
		BB24CD4527CD3A62003E0715 /* BottomOrderView.swift */ = {isa = PBXFileReference; lastKnownFileType = sourcecode.swift; path = BottomOrderView.swift; sourceTree = "<group>"; };
		BB24CD4727CD3E9B003E0715 /* Font.swift */ = {isa = PBXFileReference; lastKnownFileType = sourcecode.swift; path = Font.swift; sourceTree = "<group>"; };
		BB28BE4527C948CC00ED2460 /* PropertyViewModel.swift */ = {isa = PBXFileReference; lastKnownFileType = sourcecode.swift; path = PropertyViewModel.swift; sourceTree = "<group>"; };
		BB42B3E727D12EA40039DF17 /* OrderViewModel.swift */ = {isa = PBXFileReference; lastKnownFileType = sourcecode.swift; path = OrderViewModel.swift; sourceTree = "<group>"; };
		BB96BFC127C7FB2800A64C52 /* ColorExtension.swift */ = {isa = PBXFileReference; lastKnownFileType = sourcecode.swift; path = ColorExtension.swift; sourceTree = "<group>"; };
		BB96BFC327C7FDDE00A64C52 /* FormView.swift */ = {isa = PBXFileReference; lastKnownFileType = sourcecode.swift; path = FormView.swift; sourceTree = "<group>"; };
		BBD0494E27D7C4F000CE0E34 /* OrderDetailsView.swift */ = {isa = PBXFileReference; lastKnownFileType = sourcecode.swift; path = OrderDetailsView.swift; sourceTree = "<group>"; };
		BBD26EBC27E106B000912F6C /* CarsViewModel.swift */ = {isa = PBXFileReference; lastKnownFileType = sourcecode.swift; path = CarsViewModel.swift; sourceTree = "<group>"; };
		BBD26EBE27E106DD00912F6C /* Car.swift */ = {isa = PBXFileReference; lastKnownFileType = sourcecode.swift; path = Car.swift; sourceTree = "<group>"; };
/* End PBXFileReference section */

/* Begin PBXFrameworksBuildPhase section */
		BB1EA1E327C6A486005E9BDD /* Frameworks */ = {
			isa = PBXFrameworksBuildPhase;
			buildActionMask = 2147483647;
			files = (
			);
			runOnlyForDeploymentPostprocessing = 0;
		};
/* End PBXFrameworksBuildPhase section */

/* Begin PBXGroup section */
		BB1E7B3B27D6758800F9F488 /* Cancel Order */ = {
			isa = PBXGroup;
			children = (
				BB1E7B3C27D675B700F9F488 /* CancelOrderView.swift */,
				BB1E7B3E27D67A6800F9F488 /* CancelModalView.swift */,
			);
			path = "Cancel Order";
			sourceTree = "<group>";
		};
		BB1EA1DD27C6A486005E9BDD = {
			isa = PBXGroup;
			children = (
				BB1EA1E827C6A486005E9BDD /* CarOrderForm */,
				BB1EA1E727C6A486005E9BDD /* Products */,
			);
			sourceTree = "<group>";
		};
		BB1EA1E727C6A486005E9BDD /* Products */ = {
			isa = PBXGroup;
			children = (
				BB1EA1E627C6A486005E9BDD /* CarOrderForm.app */,
			);
			name = Products;
			sourceTree = "<group>";
		};
		BB1EA1E827C6A486005E9BDD /* CarOrderForm */ = {
			isa = PBXGroup;
			children = (
				BB1EA1FC27C6A595005E9BDD /* Application */,
				BB1EA1FB27C6A567005E9BDD /* Models */,
				BB1EA1FA27C6A550005E9BDD /* View Model */,
				BB1EA1F927C6A548005E9BDD /* Utilities */,
				BB1EA1F827C6A519005E9BDD /* Supporting Views */,
				BB1EA1F727C6A503005E9BDD /* Views */,
				BB1EA1EF27C6A487005E9BDD /* Preview Content */,
			);
			path = CarOrderForm;
			sourceTree = "<group>";
		};
		BB1EA1EF27C6A487005E9BDD /* Preview Content */ = {
			isa = PBXGroup;
			children = (
				BB1EA1F027C6A487005E9BDD /* Preview Assets.xcassets */,
			);
			path = "Preview Content";
			sourceTree = "<group>";
		};
		BB1EA1F727C6A503005E9BDD /* Views */ = {
			isa = PBXGroup;
			children = (
				BB1EA1EB27C6A486005E9BDD /* ContentView.swift */,
				BB08BB4F27CE94EF001EA12D /* OrderView.swift */,
				BBD0494E27D7C4F000CE0E34 /* OrderDetailsView.swift */,
			);
			path = Views;
			sourceTree = "<group>";
		};
		BB1EA1F827C6A519005E9BDD /* Supporting Views */ = {
			isa = PBXGroup;
			children = (
				BB1E7B3B27D6758800F9F488 /* Cancel Order */,
				BB24CD4227CD3A35003E0715 /* Order Completed */,
				BB1EA20B27C6AFC2005E9BDD /* CarInfoView.swift */,
				BB1EA1FD27C6A637005E9BDD /* Car Info */,
				BB96BFC327C7FDDE00A64C52 /* FormView.swift */,
			);
			path = "Supporting Views";
			sourceTree = "<group>";
		};
		BB1EA1F927C6A548005E9BDD /* Utilities */ = {
			isa = PBXGroup;
			children = (
				BB1EA20027C6AACD005E9BDD /* Font */,
				BB96BFC127C7FB2800A64C52 /* ColorExtension.swift */,
				BB24CD4727CD3E9B003E0715 /* Font.swift */,
				BB1E7B4027D67CC900F9F488 /* CustomButtonStyle.swift */,
				BB1E7B4227D6815B00F9F488 /* BlurBackground.swift */,
			);
			path = Utilities;
			sourceTree = "<group>";
		};
		BB1EA1FA27C6A550005E9BDD /* View Model */ = {
			isa = PBXGroup;
			children = (
				BB28BE4527C948CC00ED2460 /* PropertyViewModel.swift */,
				BB42B3E727D12EA40039DF17 /* OrderViewModel.swift */,
				BBD26EBC27E106B000912F6C /* CarsViewModel.swift */,
			);
			path = "View Model";
			sourceTree = "<group>";
		};
		BB1EA1FB27C6A567005E9BDD /* Models */ = {
			isa = PBXGroup;
			children = (
				BB1D5DC727D916F700D4FD71 /* API.swift */,
				BBD26EBE27E106DD00912F6C /* Car.swift */,
			);
			path = Models;
			sourceTree = "<group>";
		};
		BB1EA1FC27C6A595005E9BDD /* Application */ = {
			isa = PBXGroup;
			children = (
				BB1EA1E927C6A486005E9BDD /* CarOrderFormApp.swift */,
				BB1EA1ED27C6A487005E9BDD /* Assets.xcassets */,
			);
			path = Application;
			sourceTree = "<group>";
		};
		BB1EA1FD27C6A637005E9BDD /* Car Info */ = {
			isa = PBXGroup;
			children = (
				BB1EA1FE27C6A67C005E9BDD /* CarInfoBasicView.swift */,
				BB1EA20727C6ACD1005E9BDD /* CarInfoDetailsView.swift */,
				BB1EA20927C6AE11005E9BDD /* CarInfoPhotosView.swift */,
			);
			path = "Car Info";
			sourceTree = "<group>";
		};
		BB1EA20027C6AACD005E9BDD /* Font */ = {
			isa = PBXGroup;
			children = (
				BB1EA20227C6AADE005E9BDD /* AvenirNextCondensed-Bold.ttf */,
				BB1EA20527C6AADE005E9BDD /* AvenirNextCondensed-DemiBold.ttf */,
				BB1EA20127C6AADE005E9BDD /* AvenirNextCondensed-Heavy.ttf */,
				BB1EA20327C6AADE005E9BDD /* AvenirNextCondensed-Medium.ttf */,
				BB1EA20627C6AADE005E9BDD /* AvenirNextCondensed-Regular.ttf */,
				BB1EA20427C6AADE005E9BDD /* AvenirNextCondensed-UltraLight.ttf */,
			);
			path = Font;
			sourceTree = "<group>";
		};
		BB24CD4227CD3A35003E0715 /* Order Completed */ = {
			isa = PBXGroup;
			children = (
				BB24CD4327CD3A54003E0715 /* TopOrderView.swift */,
				BB24CD4527CD3A62003E0715 /* BottomOrderView.swift */,
			);
			path = "Order Completed";
			sourceTree = "<group>";
		};
/* End PBXGroup section */

/* Begin PBXNativeTarget section */
		BB1EA1E527C6A486005E9BDD /* CarOrderForm */ = {
			isa = PBXNativeTarget;
			buildConfigurationList = BB1EA1F427C6A487005E9BDD /* Build configuration list for PBXNativeTarget "CarOrderForm" */;
			buildPhases = (
				BB1EA1E227C6A486005E9BDD /* Sources */,
				BB1EA1E327C6A486005E9BDD /* Frameworks */,
				BB1EA1E427C6A486005E9BDD /* Resources */,
			);
			buildRules = (
			);
			dependencies = (
			);
			name = CarOrderForm;
			productName = CarOrderForm;
			productReference = BB1EA1E627C6A486005E9BDD /* CarOrderForm.app */;
			productType = "com.apple.product-type.application";
		};
/* End PBXNativeTarget section */

/* Begin PBXProject section */
		BB1EA1DE27C6A486005E9BDD /* Project object */ = {
			isa = PBXProject;
			attributes = {
				BuildIndependentTargetsInParallel = 1;
				LastSwiftUpdateCheck = 1320;
				LastUpgradeCheck = 1320;
				TargetAttributes = {
					BB1EA1E527C6A486005E9BDD = {
						CreatedOnToolsVersion = 13.2.1;
					};
				};
			};
			buildConfigurationList = BB1EA1E127C6A486005E9BDD /* Build configuration list for PBXProject "CarOrderForm" */;
			compatibilityVersion = "Xcode 13.0";
			developmentRegion = en;
			hasScannedForEncodings = 0;
			knownRegions = (
				en,
				Base,
			);
			mainGroup = BB1EA1DD27C6A486005E9BDD;
			productRefGroup = BB1EA1E727C6A486005E9BDD /* Products */;
			projectDirPath = "";
			projectRoot = "";
			targets = (
				BB1EA1E527C6A486005E9BDD /* CarOrderForm */,
			);
		};
/* End PBXProject section */

/* Begin PBXResourcesBuildPhase section */
		BB1EA1E427C6A486005E9BDD /* Resources */ = {
			isa = PBXResourcesBuildPhase;
			buildActionMask = 2147483647;
			files = (
				BB1EA1F127C6A487005E9BDD /* Preview Assets.xcassets in Resources */,
				BB1EA1EE27C6A487005E9BDD /* Assets.xcassets in Resources */,
			);
			runOnlyForDeploymentPostprocessing = 0;
		};
/* End PBXResourcesBuildPhase section */

/* Begin PBXSourcesBuildPhase section */
		BB1EA1E227C6A486005E9BDD /* Sources */ = {
			isa = PBXSourcesBuildPhase;
			buildActionMask = 2147483647;
			files = (
				BB24CD4627CD3A62003E0715 /* BottomOrderView.swift in Sources */,
				BB08BB5027CE94EF001EA12D /* OrderView.swift in Sources */,
				BB96BFC427C7FDDE00A64C52 /* FormView.swift in Sources */,
				BB1E7B4127D67CC900F9F488 /* CustomButtonStyle.swift in Sources */,
				BB28BE4627C948CC00ED2460 /* PropertyViewModel.swift in Sources */,
				BB1EA1EC27C6A486005E9BDD /* ContentView.swift in Sources */,
				BB42B3E827D12EA40039DF17 /* OrderViewModel.swift in Sources */,
				BBD26EBD27E106B000912F6C /* CarsViewModel.swift in Sources */,
				BB24CD4427CD3A54003E0715 /* TopOrderView.swift in Sources */,
				BB1E7B4327D6815B00F9F488 /* BlurBackground.swift in Sources */,
				BB1EA20A27C6AE11005E9BDD /* CarInfoPhotosView.swift in Sources */,
				BBD0494F27D7C4F000CE0E34 /* OrderDetailsView.swift in Sources */,
				BB1EA1EA27C6A486005E9BDD /* CarOrderFormApp.swift in Sources */,
				BB1EA20C27C6AFC2005E9BDD /* CarInfoView.swift in Sources */,
				BB1E7B3D27D675B700F9F488 /* CancelOrderView.swift in Sources */,
				BB1D5DC827D916F700D4FD71 /* API.swift in Sources */,
				BB24CD4827CD3E9B003E0715 /* Font.swift in Sources */,
				BB1EA20827C6ACD1005E9BDD /* CarInfoDetailsView.swift in Sources */,
				BBD26EBF27E106DD00912F6C /* Car.swift in Sources */,
				BB96BFC227C7FB2900A64C52 /* ColorExtension.swift in Sources */,
				BB1E7B3F27D67A6800F9F488 /* CancelModalView.swift in Sources */,
				BB1EA1FF27C6A67C005E9BDD /* CarInfoBasicView.swift in Sources */,
			);
			runOnlyForDeploymentPostprocessing = 0;
		};
/* End PBXSourcesBuildPhase section */

/* Begin XCBuildConfiguration section */
		BB1EA1F227C6A487005E9BDD /* Debug */ = {
			isa = XCBuildConfiguration;
			buildSettings = {
				ALWAYS_SEARCH_USER_PATHS = NO;
				CLANG_ANALYZER_NONNULL = YES;
				CLANG_ANALYZER_NUMBER_OBJECT_CONVERSION = YES_AGGRESSIVE;
				CLANG_CXX_LANGUAGE_STANDARD = "gnu++17";
				CLANG_CXX_LIBRARY = "libc++";
				CLANG_ENABLE_MODULES = YES;
				CLANG_ENABLE_OBJC_ARC = YES;
				CLANG_ENABLE_OBJC_WEAK = YES;
				CLANG_WARN_BLOCK_CAPTURE_AUTORELEASING = YES;
				CLANG_WARN_BOOL_CONVERSION = YES;
				CLANG_WARN_COMMA = YES;
				CLANG_WARN_CONSTANT_CONVERSION = YES;
				CLANG_WARN_DEPRECATED_OBJC_IMPLEMENTATIONS = YES;
				CLANG_WARN_DIRECT_OBJC_ISA_USAGE = YES_ERROR;
				CLANG_WARN_DOCUMENTATION_COMMENTS = YES;
				CLANG_WARN_EMPTY_BODY = YES;
				CLANG_WARN_ENUM_CONVERSION = YES;
				CLANG_WARN_INFINITE_RECURSION = YES;
				CLANG_WARN_INT_CONVERSION = YES;
				CLANG_WARN_NON_LITERAL_NULL_CONVERSION = YES;
				CLANG_WARN_OBJC_IMPLICIT_RETAIN_SELF = YES;
				CLANG_WARN_OBJC_LITERAL_CONVERSION = YES;
				CLANG_WARN_OBJC_ROOT_CLASS = YES_ERROR;
				CLANG_WARN_QUOTED_INCLUDE_IN_FRAMEWORK_HEADER = YES;
				CLANG_WARN_RANGE_LOOP_ANALYSIS = YES;
				CLANG_WARN_STRICT_PROTOTYPES = YES;
				CLANG_WARN_SUSPICIOUS_MOVE = YES;
				CLANG_WARN_UNGUARDED_AVAILABILITY = YES_AGGRESSIVE;
				CLANG_WARN_UNREACHABLE_CODE = YES;
				CLANG_WARN__DUPLICATE_METHOD_MATCH = YES;
				COPY_PHASE_STRIP = NO;
				DEBUG_INFORMATION_FORMAT = dwarf;
				ENABLE_STRICT_OBJC_MSGSEND = YES;
				ENABLE_TESTABILITY = YES;
				GCC_C_LANGUAGE_STANDARD = gnu11;
				GCC_DYNAMIC_NO_PIC = NO;
				GCC_NO_COMMON_BLOCKS = YES;
				GCC_OPTIMIZATION_LEVEL = 0;
				GCC_PREPROCESSOR_DEFINITIONS = (
					"DEBUG=1",
					"$(inherited)",
				);
				GCC_WARN_64_TO_32_BIT_CONVERSION = YES;
				GCC_WARN_ABOUT_RETURN_TYPE = YES_ERROR;
				GCC_WARN_UNDECLARED_SELECTOR = YES;
				GCC_WARN_UNINITIALIZED_AUTOS = YES_AGGRESSIVE;
				GCC_WARN_UNUSED_FUNCTION = YES;
				GCC_WARN_UNUSED_VARIABLE = YES;
				IPHONEOS_DEPLOYMENT_TARGET = 15.2;
				MTL_ENABLE_DEBUG_INFO = INCLUDE_SOURCE;
				MTL_FAST_MATH = YES;
				ONLY_ACTIVE_ARCH = YES;
				SDKROOT = iphoneos;
				SWIFT_ACTIVE_COMPILATION_CONDITIONS = DEBUG;
				SWIFT_OPTIMIZATION_LEVEL = "-Onone";
			};
			name = Debug;
		};
		BB1EA1F327C6A487005E9BDD /* Release */ = {
			isa = XCBuildConfiguration;
			buildSettings = {
				ALWAYS_SEARCH_USER_PATHS = NO;
				CLANG_ANALYZER_NONNULL = YES;
				CLANG_ANALYZER_NUMBER_OBJECT_CONVERSION = YES_AGGRESSIVE;
				CLANG_CXX_LANGUAGE_STANDARD = "gnu++17";
				CLANG_CXX_LIBRARY = "libc++";
				CLANG_ENABLE_MODULES = YES;
				CLANG_ENABLE_OBJC_ARC = YES;
				CLANG_ENABLE_OBJC_WEAK = YES;
				CLANG_WARN_BLOCK_CAPTURE_AUTORELEASING = YES;
				CLANG_WARN_BOOL_CONVERSION = YES;
				CLANG_WARN_COMMA = YES;
				CLANG_WARN_CONSTANT_CONVERSION = YES;
				CLANG_WARN_DEPRECATED_OBJC_IMPLEMENTATIONS = YES;
				CLANG_WARN_DIRECT_OBJC_ISA_USAGE = YES_ERROR;
				CLANG_WARN_DOCUMENTATION_COMMENTS = YES;
				CLANG_WARN_EMPTY_BODY = YES;
				CLANG_WARN_ENUM_CONVERSION = YES;
				CLANG_WARN_INFINITE_RECURSION = YES;
				CLANG_WARN_INT_CONVERSION = YES;
				CLANG_WARN_NON_LITERAL_NULL_CONVERSION = YES;
				CLANG_WARN_OBJC_IMPLICIT_RETAIN_SELF = YES;
				CLANG_WARN_OBJC_LITERAL_CONVERSION = YES;
				CLANG_WARN_OBJC_ROOT_CLASS = YES_ERROR;
				CLANG_WARN_QUOTED_INCLUDE_IN_FRAMEWORK_HEADER = YES;
				CLANG_WARN_RANGE_LOOP_ANALYSIS = YES;
				CLANG_WARN_STRICT_PROTOTYPES = YES;
				CLANG_WARN_SUSPICIOUS_MOVE = YES;
				CLANG_WARN_UNGUARDED_AVAILABILITY = YES_AGGRESSIVE;
				CLANG_WARN_UNREACHABLE_CODE = YES;
				CLANG_WARN__DUPLICATE_METHOD_MATCH = YES;
				COPY_PHASE_STRIP = NO;
				DEBUG_INFORMATION_FORMAT = "dwarf-with-dsym";
				ENABLE_NS_ASSERTIONS = NO;
				ENABLE_STRICT_OBJC_MSGSEND = YES;
				GCC_C_LANGUAGE_STANDARD = gnu11;
				GCC_NO_COMMON_BLOCKS = YES;
				GCC_WARN_64_TO_32_BIT_CONVERSION = YES;
				GCC_WARN_ABOUT_RETURN_TYPE = YES_ERROR;
				GCC_WARN_UNDECLARED_SELECTOR = YES;
				GCC_WARN_UNINITIALIZED_AUTOS = YES_AGGRESSIVE;
				GCC_WARN_UNUSED_FUNCTION = YES;
				GCC_WARN_UNUSED_VARIABLE = YES;
				IPHONEOS_DEPLOYMENT_TARGET = 15.2;
				MTL_ENABLE_DEBUG_INFO = NO;
				MTL_FAST_MATH = YES;
				SDKROOT = iphoneos;
				SWIFT_COMPILATION_MODE = wholemodule;
				SWIFT_OPTIMIZATION_LEVEL = "-O";
				VALIDATE_PRODUCT = YES;
			};
			name = Release;
		};
		BB1EA1F527C6A487005E9BDD /* Debug */ = {
			isa = XCBuildConfiguration;
			buildSettings = {
				ASSETCATALOG_COMPILER_APPICON_NAME = AppIcon;
				ASSETCATALOG_COMPILER_GLOBAL_ACCENT_COLOR_NAME = AccentColor;
				CODE_SIGN_STYLE = Automatic;
				CURRENT_PROJECT_VERSION = 1;
				DEVELOPMENT_ASSET_PATHS = "\"CarOrderForm/Preview Content\"";
				DEVELOPMENT_TEAM = M6K96Y9B53;
				ENABLE_PREVIEWS = YES;
				GENERATE_INFOPLIST_FILE = YES;
				INFOPLIST_KEY_UIApplicationSceneManifest_Generation = YES;
				INFOPLIST_KEY_UIApplicationSupportsIndirectInputEvents = YES;
				INFOPLIST_KEY_UILaunchScreen_Generation = YES;
				INFOPLIST_KEY_UISupportedInterfaceOrientations_iPad = "UIInterfaceOrientationPortrait UIInterfaceOrientationPortraitUpsideDown UIInterfaceOrientationLandscapeLeft UIInterfaceOrientationLandscapeRight";
				INFOPLIST_KEY_UISupportedInterfaceOrientations_iPhone = "UIInterfaceOrientationPortrait UIInterfaceOrientationLandscapeLeft UIInterfaceOrientationLandscapeRight";
				LD_RUNPATH_SEARCH_PATHS = (
					"$(inherited)",
					"@executable_path/Frameworks",
				);
				MARKETING_VERSION = 1.0;
				PRODUCT_BUNDLE_IDENTIFIER = tzuzulcode.CarOrderForm;
				PRODUCT_NAME = "$(TARGET_NAME)";
				SWIFT_EMIT_LOC_STRINGS = YES;
				SWIFT_VERSION = 5.0;
				TARGETED_DEVICE_FAMILY = "1,2";
			};
			name = Debug;
		};
		BB1EA1F627C6A487005E9BDD /* Release */ = {
			isa = XCBuildConfiguration;
			buildSettings = {
				ASSETCATALOG_COMPILER_APPICON_NAME = AppIcon;
				ASSETCATALOG_COMPILER_GLOBAL_ACCENT_COLOR_NAME = AccentColor;
				CODE_SIGN_STYLE = Automatic;
				CURRENT_PROJECT_VERSION = 1;
				DEVELOPMENT_ASSET_PATHS = "\"CarOrderForm/Preview Content\"";
				DEVELOPMENT_TEAM = M6K96Y9B53;
				ENABLE_PREVIEWS = YES;
				GENERATE_INFOPLIST_FILE = YES;
				INFOPLIST_KEY_UIApplicationSceneManifest_Generation = YES;
				INFOPLIST_KEY_UIApplicationSupportsIndirectInputEvents = YES;
				INFOPLIST_KEY_UILaunchScreen_Generation = YES;
				INFOPLIST_KEY_UISupportedInterfaceOrientations_iPad = "UIInterfaceOrientationPortrait UIInterfaceOrientationPortraitUpsideDown UIInterfaceOrientationLandscapeLeft UIInterfaceOrientationLandscapeRight";
				INFOPLIST_KEY_UISupportedInterfaceOrientations_iPhone = "UIInterfaceOrientationPortrait UIInterfaceOrientationLandscapeLeft UIInterfaceOrientationLandscapeRight";
				LD_RUNPATH_SEARCH_PATHS = (
					"$(inherited)",
					"@executable_path/Frameworks",
				);
				MARKETING_VERSION = 1.0;
				PRODUCT_BUNDLE_IDENTIFIER = tzuzulcode.CarOrderForm;
				PRODUCT_NAME = "$(TARGET_NAME)";
				SWIFT_EMIT_LOC_STRINGS = YES;
				SWIFT_VERSION = 5.0;
				TARGETED_DEVICE_FAMILY = "1,2";
			};
			name = Release;
		};
/* End XCBuildConfiguration section */

/* Begin XCConfigurationList section */
		BB1EA1E127C6A486005E9BDD /* Build configuration list for PBXProject "CarOrderForm" */ = {
			isa = XCConfigurationList;
			buildConfigurations = (
				BB1EA1F227C6A487005E9BDD /* Debug */,
				BB1EA1F327C6A487005E9BDD /* Release */,
			);
			defaultConfigurationIsVisible = 0;
			defaultConfigurationName = Release;
		};
		BB1EA1F427C6A487005E9BDD /* Build configuration list for PBXNativeTarget "CarOrderForm" */ = {
			isa = XCConfigurationList;
			buildConfigurations = (
				BB1EA1F527C6A487005E9BDD /* Debug */,
				BB1EA1F627C6A487005E9BDD /* Release */,
			);
			defaultConfigurationIsVisible = 0;
			defaultConfigurationName = Release;
		};
/* End XCConfigurationList section */
	};
	rootObject = BB1EA1DE27C6A486005E9BDD /* Project object */;
}
